// !$*UTF8*$!
{
	archiveVersion = 1;
	classes = {
	};
	objectVersion = 56;
	objects = {

/* Begin PBXBuildFile section */
		5F1139D229E7DC7C00CD75F3 /* AppDelegate.swift in Sources */ = {isa = PBXBuildFile; fileRef = 5F1139D129E7DC7C00CD75F3 /* AppDelegate.swift */; };
		5F1139D429E7DC7C00CD75F3 /* SceneDelegate.swift in Sources */ = {isa = PBXBuildFile; fileRef = 5F1139D329E7DC7C00CD75F3 /* SceneDelegate.swift */; };
		5F1139D629E7DC7C00CD75F3 /* DetectingRectangleController.swift in Sources */ = {isa = PBXBuildFile; fileRef = 5F1139D529E7DC7C00CD75F3 /* DetectingRectangleController.swift */; };
		5F1139D929E7DC7C00CD75F3 /* Main.storyboard in Resources */ = {isa = PBXBuildFile; fileRef = 5F1139D729E7DC7C00CD75F3 /* Main.storyboard */; };
		5F1139DB29E7DC7D00CD75F3 /* Assets.xcassets in Resources */ = {isa = PBXBuildFile; fileRef = 5F1139DA29E7DC7D00CD75F3 /* Assets.xcassets */; };
		5F1139DE29E7DC7D00CD75F3 /* LaunchScreen.storyboard in Resources */ = {isa = PBXBuildFile; fileRef = 5F1139DC29E7DC7D00CD75F3 /* LaunchScreen.storyboard */; };
		5F1139E629E7E38000CD75F3 /* TableViewController.swift in Sources */ = {isa = PBXBuildFile; fileRef = 5F1139E529E7E38000CD75F3 /* TableViewController.swift */; };
		5F1139F629F000CA00CD75F3 /* DetectingTextViewController.swift in Sources */ = {isa = PBXBuildFile; fileRef = 5F1139F529F000CA00CD75F3 /* DetectingTextViewController.swift */; };
		5F1139F829F27AF800CD75F3 /* DetectingBarcodesViewController.swift in Sources */ = {isa = PBXBuildFile; fileRef = 5F1139F729F27AF800CD75F3 /* DetectingBarcodesViewController.swift */; };
		5F1139FA29F290C900CD75F3 /* DetectingContoursViewController.swift in Sources */ = {isa = PBXBuildFile; fileRef = 5F1139F929F290C900CD75F3 /* DetectingContoursViewController.swift */; };
		5F1139FC29F397CD00CD75F3 /* DetecingDocumentViewController.swift in Sources */ = {isa = PBXBuildFile; fileRef = 5F1139FB29F397CD00CD75F3 /* DetecingDocumentViewController.swift */; };
		5F1139FE29F39AE800CD75F3 /* DetecingFaceViewController.swift in Sources */ = {isa = PBXBuildFile; fileRef = 5F1139FD29F39AE800CD75F3 /* DetecingFaceViewController.swift */; };
		5F113A0029F3A3A700CD75F3 /* DetecingFaceLandmarksViewController.swift in Sources */ = {isa = PBXBuildFile; fileRef = 5F1139FF29F3A3A700CD75F3 /* DetecingFaceLandmarksViewController.swift */; };
		5F113A0229F3E7A500CD75F3 /* DetecingFaceCaptureQualityViewController.swift in Sources */ = {isa = PBXBuildFile; fileRef = 5F113A0129F3E7A500CD75F3 /* DetecingFaceCaptureQualityViewController.swift */; };
		5F113A0429F3F3DA00CD75F3 /* DetecingHorizonViewController.swift in Sources */ = {isa = PBXBuildFile; fileRef = 5F113A0329F3F3DA00CD75F3 /* DetecingHorizonViewController.swift */; };
		5F113A0629F3FA9D00CD75F3 /* DetecingHumanBodyPoseViewController.swift in Sources */ = {isa = PBXBuildFile; fileRef = 5F113A0529F3FA9D00CD75F3 /* DetecingHumanBodyPoseViewController.swift */; };
		5F113A0829F4024100CD75F3 /* DetecingHumanHandPoseViewController.swift in Sources */ = {isa = PBXBuildFile; fileRef = 5F113A0729F4024100CD75F3 /* DetecingHumanHandPoseViewController.swift */; };
		5F113A0A29F406C000CD75F3 /* DetecingHumanViewController.swift in Sources */ = {isa = PBXBuildFile; fileRef = 5F113A0929F406C000CD75F3 /* DetecingHumanViewController.swift */; };
		5F113A1A29F6974200CD75F3 /* RecognizeTextViewController.swift in Sources */ = {isa = PBXBuildFile; fileRef = 5F113A1929F6974200CD75F3 /* RecognizeTextViewController.swift */; };
		5F113A1C29F6A2EE00CD75F3 /* RecognizeAnimalsViewController.swift in Sources */ = {isa = PBXBuildFile; fileRef = 5F113A1B29F6A2EE00CD75F3 /* RecognizeAnimalsViewController.swift */; };
		5F113A1E29F7C0A000CD75F3 /* ClassifyImageViewController.swift in Sources */ = {isa = PBXBuildFile; fileRef = 5F113A1D29F7C0A000CD75F3 /* ClassifyImageViewController.swift */; };
		5F113A4029F8BCE100CD75F3 /* TrackRectanglViewController.swift in Sources */ = {isa = PBXBuildFile; fileRef = 5F113A3F29F8BCE100CD75F3 /* TrackRectanglViewController.swift */; };
		5F113A4629F9014A00CD75F3 /* video1.mp4 in Resources */ = {isa = PBXBuildFile; fileRef = 5F113A4529F9014A00CD75F3 /* video1.mp4 */; };
		5F113A4829F9033B00CD75F3 /* TrackObjectViewController.swift in Sources */ = {isa = PBXBuildFile; fileRef = 5F113A4729F9033B00CD75F3 /* TrackObjectViewController.swift */; };
		5F113A4A29F90F3E00CD75F3 /* DetectTrajectoriesViewController.swift in Sources */ = {isa = PBXBuildFile; fileRef = 5F113A4929F90F3E00CD75F3 /* DetectTrajectoriesViewController.swift */; };
		5F113A4C29F91F5600CD75F3 /* video2.mov in Resources */ = {isa = PBXBuildFile; fileRef = 5F113A4B29F91F5600CD75F3 /* video2.mov */; };
		5F113A4E29FA477B00CD75F3 /* ImageFeatureViewController.swift in Sources */ = {isa = PBXBuildFile; fileRef = 5F113A4D29FA477B00CD75F3 /* ImageFeatureViewController.swift */; };
/* End PBXBuildFile section */

/* Begin PBXFileReference section */
		5F1139CE29E7DC7C00CD75F3 /* DetectingObjectsDemo.app */ = {isa = PBXFileReference; explicitFileType = wrapper.application; includeInIndex = 0; path = DetectingObjectsDemo.app; sourceTree = BUILT_PRODUCTS_DIR; };
		5F1139D129E7DC7C00CD75F3 /* AppDelegate.swift */ = {isa = PBXFileReference; lastKnownFileType = sourcecode.swift; path = AppDelegate.swift; sourceTree = "<group>"; };
		5F1139D329E7DC7C00CD75F3 /* SceneDelegate.swift */ = {isa = PBXFileReference; lastKnownFileType = sourcecode.swift; path = SceneDelegate.swift; sourceTree = "<group>"; };
		5F1139D529E7DC7C00CD75F3 /* DetectingRectangleController.swift */ = {isa = PBXFileReference; lastKnownFileType = sourcecode.swift; path = DetectingRectangleController.swift; sourceTree = "<group>"; };
		5F1139D829E7DC7C00CD75F3 /* Base */ = {isa = PBXFileReference; lastKnownFileType = file.storyboard; name = Base; path = Base.lproj/Main.storyboard; sourceTree = "<group>"; };
		5F1139DA29E7DC7D00CD75F3 /* Assets.xcassets */ = {isa = PBXFileReference; lastKnownFileType = folder.assetcatalog; path = Assets.xcassets; sourceTree = "<group>"; };
		5F1139DD29E7DC7D00CD75F3 /* Base */ = {isa = PBXFileReference; lastKnownFileType = file.storyboard; name = Base; path = Base.lproj/LaunchScreen.storyboard; sourceTree = "<group>"; };
		5F1139DF29E7DC7D00CD75F3 /* Info.plist */ = {isa = PBXFileReference; lastKnownFileType = text.plist.xml; path = Info.plist; sourceTree = "<group>"; };
		5F1139E529E7E38000CD75F3 /* TableViewController.swift */ = {isa = PBXFileReference; lastKnownFileType = sourcecode.swift; path = TableViewController.swift; sourceTree = "<group>"; };
		5F1139F529F000CA00CD75F3 /* DetectingTextViewController.swift */ = {isa = PBXFileReference; lastKnownFileType = sourcecode.swift; path = DetectingTextViewController.swift; sourceTree = "<group>"; };
		5F1139F729F27AF800CD75F3 /* DetectingBarcodesViewController.swift */ = {isa = PBXFileReference; lastKnownFileType = sourcecode.swift; path = DetectingBarcodesViewController.swift; sourceTree = "<group>"; };
		5F1139F929F290C900CD75F3 /* DetectingContoursViewController.swift */ = {isa = PBXFileReference; lastKnownFileType = sourcecode.swift; path = DetectingContoursViewController.swift; sourceTree = "<group>"; };
		5F1139FB29F397CD00CD75F3 /* DetecingDocumentViewController.swift */ = {isa = PBXFileReference; lastKnownFileType = sourcecode.swift; path = DetecingDocumentViewController.swift; sourceTree = "<group>"; };
		5F1139FD29F39AE800CD75F3 /* DetecingFaceViewController.swift */ = {isa = PBXFileReference; lastKnownFileType = sourcecode.swift; path = DetecingFaceViewController.swift; sourceTree = "<group>"; };
		5F1139FF29F3A3A700CD75F3 /* DetecingFaceLandmarksViewController.swift */ = {isa = PBXFileReference; lastKnownFileType = sourcecode.swift; path = DetecingFaceLandmarksViewController.swift; sourceTree = "<group>"; };
		5F113A0129F3E7A500CD75F3 /* DetecingFaceCaptureQualityViewController.swift */ = {isa = PBXFileReference; lastKnownFileType = sourcecode.swift; path = DetecingFaceCaptureQualityViewController.swift; sourceTree = "<group>"; };
		5F113A0329F3F3DA00CD75F3 /* DetecingHorizonViewController.swift */ = {isa = PBXFileReference; lastKnownFileType = sourcecode.swift; path = DetecingHorizonViewController.swift; sourceTree = "<group>"; };
		5F113A0529F3FA9D00CD75F3 /* DetecingHumanBodyPoseViewController.swift */ = {isa = PBXFileReference; lastKnownFileType = sourcecode.swift; path = DetecingHumanBodyPoseViewController.swift; sourceTree = "<group>"; };
		5F113A0729F4024100CD75F3 /* DetecingHumanHandPoseViewController.swift */ = {isa = PBXFileReference; lastKnownFileType = sourcecode.swift; path = DetecingHumanHandPoseViewController.swift; sourceTree = "<group>"; };
		5F113A0929F406C000CD75F3 /* DetecingHumanViewController.swift */ = {isa = PBXFileReference; lastKnownFileType = sourcecode.swift; path = DetecingHumanViewController.swift; sourceTree = "<group>"; };
		5F113A1929F6974200CD75F3 /* RecognizeTextViewController.swift */ = {isa = PBXFileReference; lastKnownFileType = sourcecode.swift; path = RecognizeTextViewController.swift; sourceTree = "<group>"; };
		5F113A1B29F6A2EE00CD75F3 /* RecognizeAnimalsViewController.swift */ = {isa = PBXFileReference; lastKnownFileType = sourcecode.swift; path = RecognizeAnimalsViewController.swift; sourceTree = "<group>"; };
		5F113A1D29F7C0A000CD75F3 /* ClassifyImageViewController.swift */ = {isa = PBXFileReference; lastKnownFileType = sourcecode.swift; path = ClassifyImageViewController.swift; sourceTree = "<group>"; };
		5F113A3F29F8BCE100CD75F3 /* TrackRectanglViewController.swift */ = {isa = PBXFileReference; lastKnownFileType = sourcecode.swift; path = TrackRectanglViewController.swift; sourceTree = "<group>"; };
		5F113A4529F9014A00CD75F3 /* video1.mp4 */ = {isa = PBXFileReference; lastKnownFileType = file; path = video1.mp4; sourceTree = "<group>"; };
		5F113A4729F9033B00CD75F3 /* TrackObjectViewController.swift */ = {isa = PBXFileReference; lastKnownFileType = sourcecode.swift; path = TrackObjectViewController.swift; sourceTree = "<group>"; };
		5F113A4929F90F3E00CD75F3 /* DetectTrajectoriesViewController.swift */ = {isa = PBXFileReference; lastKnownFileType = sourcecode.swift; path = DetectTrajectoriesViewController.swift; sourceTree = "<group>"; };
		5F113A4B29F91F5600CD75F3 /* video2.mov */ = {isa = PBXFileReference; lastKnownFileType = video.quicktime; path = video2.mov; sourceTree = "<group>"; };
		5F113A4D29FA477B00CD75F3 /* ImageFeatureViewController.swift */ = {isa = PBXFileReference; lastKnownFileType = sourcecode.swift; path = ImageFeatureViewController.swift; sourceTree = "<group>"; };
/* End PBXFileReference section */

/* Begin PBXFrameworksBuildPhase section */
		5F1139CB29E7DC7C00CD75F3 /* Frameworks */ = {
			isa = PBXFrameworksBuildPhase;
			buildActionMask = 2147483647;
			files = (
			);
			runOnlyForDeploymentPostprocessing = 0;
		};
/* End PBXFrameworksBuildPhase section */

/* Begin PBXGroup section */
		5F1139C529E7DC7C00CD75F3 = {
			isa = PBXGroup;
			children = (
				5F1139D029E7DC7C00CD75F3 /* DetectingObjectsDemo */,
				5F1139CF29E7DC7C00CD75F3 /* Products */,
			);
			sourceTree = "<group>";
		};
		5F1139CF29E7DC7C00CD75F3 /* Products */ = {
			isa = PBXGroup;
			children = (
				5F1139CE29E7DC7C00CD75F3 /* DetectingObjectsDemo.app */,
			);
			name = Products;
			sourceTree = "<group>";
		};
		5F1139D029E7DC7C00CD75F3 /* DetectingObjectsDemo */ = {
			isa = PBXGroup;
			children = (
				5F1139D129E7DC7C00CD75F3 /* AppDelegate.swift */,
				5F1139D329E7DC7C00CD75F3 /* SceneDelegate.swift */,
				5F1139D529E7DC7C00CD75F3 /* DetectingRectangleController.swift */,
				5F1139F529F000CA00CD75F3 /* DetectingTextViewController.swift */,
				5F1139F729F27AF800CD75F3 /* DetectingBarcodesViewController.swift */,
				5F1139F929F290C900CD75F3 /* DetectingContoursViewController.swift */,
				5F1139FB29F397CD00CD75F3 /* DetecingDocumentViewController.swift */,
				5F1139FD29F39AE800CD75F3 /* DetecingFaceViewController.swift */,
				5F1139FF29F3A3A700CD75F3 /* DetecingFaceLandmarksViewController.swift */,
				5F113A0129F3E7A500CD75F3 /* DetecingFaceCaptureQualityViewController.swift */,
				5F113A0329F3F3DA00CD75F3 /* DetecingHorizonViewController.swift */,
				5F113A0529F3FA9D00CD75F3 /* DetecingHumanBodyPoseViewController.swift */,
				5F113A0729F4024100CD75F3 /* DetecingHumanHandPoseViewController.swift */,
				5F113A0929F406C000CD75F3 /* DetecingHumanViewController.swift */,
				5F113A1929F6974200CD75F3 /* RecognizeTextViewController.swift */,
				5F113A1B29F6A2EE00CD75F3 /* RecognizeAnimalsViewController.swift */,
				5F113A1D29F7C0A000CD75F3 /* ClassifyImageViewController.swift */,
				5F113A3F29F8BCE100CD75F3 /* TrackRectanglViewController.swift */,
				5F113A4729F9033B00CD75F3 /* TrackObjectViewController.swift */,
				5F113A4929F90F3E00CD75F3 /* DetectTrajectoriesViewController.swift */,
				5F113A4D29FA477B00CD75F3 /* ImageFeatureViewController.swift */,
				5F1139E529E7E38000CD75F3 /* TableViewController.swift */,
				5F113A4529F9014A00CD75F3 /* video1.mp4 */,
				5F113A4B29F91F5600CD75F3 /* video2.mov */,
				5F1139D729E7DC7C00CD75F3 /* Main.storyboard */,
				5F1139DA29E7DC7D00CD75F3 /* Assets.xcassets */,
				5F1139DC29E7DC7D00CD75F3 /* LaunchScreen.storyboard */,
				5F1139DF29E7DC7D00CD75F3 /* Info.plist */,
			);
			path = DetectingObjectsDemo;
			sourceTree = "<group>";
		};
/* End PBXGroup section */

/* Begin PBXNativeTarget section */
		5F1139CD29E7DC7C00CD75F3 /* DetectingObjectsDemo */ = {
			isa = PBXNativeTarget;
			buildConfigurationList = 5F1139E229E7DC7D00CD75F3 /* Build configuration list for PBXNativeTarget "DetectingObjectsDemo" */;
			buildPhases = (
				5F1139CA29E7DC7C00CD75F3 /* Sources */,
				5F1139CB29E7DC7C00CD75F3 /* Frameworks */,
				5F1139CC29E7DC7C00CD75F3 /* Resources */,
			);
			buildRules = (
			);
			dependencies = (
			);
			name = DetectingObjectsDemo;
			productName = DetectingObjectsDemo;
			productReference = 5F1139CE29E7DC7C00CD75F3 /* DetectingObjectsDemo.app */;
			productType = "com.apple.product-type.application";
		};
/* End PBXNativeTarget section */

/* Begin PBXProject section */
		5F1139C629E7DC7C00CD75F3 /* Project object */ = {
			isa = PBXProject;
			attributes = {
				BuildIndependentTargetsInParallel = 1;
				LastSwiftUpdateCheck = 1420;
				LastUpgradeCheck = 1420;
				TargetAttributes = {
					5F1139CD29E7DC7C00CD75F3 = {
						CreatedOnToolsVersion = 14.2;
					};
				};
			};
			buildConfigurationList = 5F1139C929E7DC7C00CD75F3 /* Build configuration list for PBXProject "DetectingObjectsDemo" */;
			compatibilityVersion = "Xcode 14.0";
			developmentRegion = en;
			hasScannedForEncodings = 0;
			knownRegions = (
				en,
				Base,
			);
			mainGroup = 5F1139C529E7DC7C00CD75F3;
			productRefGroup = 5F1139CF29E7DC7C00CD75F3 /* Products */;
			projectDirPath = "";
			projectRoot = "";
			targets = (
				5F1139CD29E7DC7C00CD75F3 /* DetectingObjectsDemo */,
			);
		};
/* End PBXProject section */

/* Begin PBXResourcesBuildPhase section */
		5F1139CC29E7DC7C00CD75F3 /* Resources */ = {
			isa = PBXResourcesBuildPhase;
			buildActionMask = 2147483647;
			files = (
				5F1139DE29E7DC7D00CD75F3 /* LaunchScreen.storyboard in Resources */,
				5F113A4629F9014A00CD75F3 /* video1.mp4 in Resources */,
				5F1139DB29E7DC7D00CD75F3 /* Assets.xcassets in Resources */,
				5F113A4C29F91F5600CD75F3 /* video2.mov in Resources */,
				5F1139D929E7DC7C00CD75F3 /* Main.storyboard in Resources */,
			);
			runOnlyForDeploymentPostprocessing = 0;
		};
/* End PBXResourcesBuildPhase section */

/* Begin PBXSourcesBuildPhase section */
		5F1139CA29E7DC7C00CD75F3 /* Sources */ = {
			isa = PBXSourcesBuildPhase;
			buildActionMask = 2147483647;
			files = (
				5F113A4E29FA477B00CD75F3 /* ImageFeatureViewController.swift in Sources */,
				5F113A1C29F6A2EE00CD75F3 /* RecognizeAnimalsViewController.swift in Sources */,
				5F113A0229F3E7A500CD75F3 /* DetecingFaceCaptureQualityViewController.swift in Sources */,
				5F113A0429F3F3DA00CD75F3 /* DetecingHorizonViewController.swift in Sources */,
				5F113A1A29F6974200CD75F3 /* RecognizeTextViewController.swift in Sources */,
				5F113A0029F3A3A700CD75F3 /* DetecingFaceLandmarksViewController.swift in Sources */,
				5F113A4A29F90F3E00CD75F3 /* DetectTrajectoriesViewController.swift in Sources */,
				5F113A0A29F406C000CD75F3 /* DetecingHumanViewController.swift in Sources */,
				5F1139FC29F397CD00CD75F3 /* DetecingDocumentViewController.swift in Sources */,
				5F1139D629E7DC7C00CD75F3 /* DetectingRectangleController.swift in Sources */,
				5F1139F629F000CA00CD75F3 /* DetectingTextViewController.swift in Sources */,
				5F1139FE29F39AE800CD75F3 /* DetecingFaceViewController.swift in Sources */,
				5F113A4029F8BCE100CD75F3 /* TrackRectanglViewController.swift in Sources */,
				5F113A0829F4024100CD75F3 /* DetecingHumanHandPoseViewController.swift in Sources */,
				5F1139FA29F290C900CD75F3 /* DetectingContoursViewController.swift in Sources */,
				5F113A4829F9033B00CD75F3 /* TrackObjectViewController.swift in Sources */,
				5F1139D229E7DC7C00CD75F3 /* AppDelegate.swift in Sources */,
				5F1139F829F27AF800CD75F3 /* DetectingBarcodesViewController.swift in Sources */,
				5F113A0629F3FA9D00CD75F3 /* DetecingHumanBodyPoseViewController.swift in Sources */,
				5F1139D429E7DC7C00CD75F3 /* SceneDelegate.swift in Sources */,
				5F113A1E29F7C0A000CD75F3 /* ClassifyImageViewController.swift in Sources */,
				5F1139E629E7E38000CD75F3 /* TableViewController.swift in Sources */,
			);
			runOnlyForDeploymentPostprocessing = 0;
		};
/* End PBXSourcesBuildPhase section */

/* Begin PBXVariantGroup section */
		5F1139D729E7DC7C00CD75F3 /* Main.storyboard */ = {
			isa = PBXVariantGroup;
			children = (
				5F1139D829E7DC7C00CD75F3 /* Base */,
			);
			name = Main.storyboard;
			sourceTree = "<group>";
		};
		5F1139DC29E7DC7D00CD75F3 /* LaunchScreen.storyboard */ = {
			isa = PBXVariantGroup;
			children = (
				5F1139DD29E7DC7D00CD75F3 /* Base */,
			);
			name = LaunchScreen.storyboard;
			sourceTree = "<group>";
		};
/* End PBXVariantGroup section */

/* Begin XCBuildConfiguration section */
		5F1139E029E7DC7D00CD75F3 /* Debug */ = {
			isa = XCBuildConfiguration;
			buildSettings = {
				ALWAYS_SEARCH_USER_PATHS = NO;
				CLANG_ANALYZER_NONNULL = YES;
				CLANG_ANALYZER_NUMBER_OBJECT_CONVERSION = YES_AGGRESSIVE;
				CLANG_CXX_LANGUAGE_STANDARD = "gnu++20";
				CLANG_ENABLE_MODULES = YES;
				CLANG_ENABLE_OBJC_ARC = YES;
				CLANG_ENABLE_OBJC_WEAK = YES;
				CLANG_WARN_BLOCK_CAPTURE_AUTORELEASING = YES;
				CLANG_WARN_BOOL_CONVERSION = YES;
				CLANG_WARN_COMMA = YES;
				CLANG_WARN_CONSTANT_CONVERSION = YES;
				CLANG_WARN_DEPRECATED_OBJC_IMPLEMENTATIONS = YES;
				CLANG_WARN_DIRECT_OBJC_ISA_USAGE = YES_ERROR;
				CLANG_WARN_DOCUMENTATION_COMMENTS = YES;
				CLANG_WARN_EMPTY_BODY = YES;
				CLANG_WARN_ENUM_CONVERSION = YES;
				CLANG_WARN_INFINITE_RECURSION = YES;
				CLANG_WARN_INT_CONVERSION = YES;
				CLANG_WARN_NON_LITERAL_NULL_CONVERSION = YES;
				CLANG_WARN_OBJC_IMPLICIT_RETAIN_SELF = YES;
				CLANG_WARN_OBJC_LITERAL_CONVERSION = YES;
				CLANG_WARN_OBJC_ROOT_CLASS = YES_ERROR;
				CLANG_WARN_QUOTED_INCLUDE_IN_FRAMEWORK_HEADER = YES;
				CLANG_WARN_RANGE_LOOP_ANALYSIS = YES;
				CLANG_WARN_STRICT_PROTOTYPES = YES;
				CLANG_WARN_SUSPICIOUS_MOVE = YES;
				CLANG_WARN_UNGUARDED_AVAILABILITY = YES_AGGRESSIVE;
				CLANG_WARN_UNREACHABLE_CODE = YES;
				CLANG_WARN__DUPLICATE_METHOD_MATCH = YES;
				COPY_PHASE_STRIP = NO;
				DEBUG_INFORMATION_FORMAT = dwarf;
				ENABLE_STRICT_OBJC_MSGSEND = YES;
				ENABLE_TESTABILITY = YES;
				GCC_C_LANGUAGE_STANDARD = gnu11;
				GCC_DYNAMIC_NO_PIC = NO;
				GCC_NO_COMMON_BLOCKS = YES;
				GCC_OPTIMIZATION_LEVEL = 0;
				GCC_PREPROCESSOR_DEFINITIONS = (
					"DEBUG=1",
					"$(inherited)",
				);
				GCC_WARN_64_TO_32_BIT_CONVERSION = YES;
				GCC_WARN_ABOUT_RETURN_TYPE = YES_ERROR;
				GCC_WARN_UNDECLARED_SELECTOR = YES;
				GCC_WARN_UNINITIALIZED_AUTOS = YES_AGGRESSIVE;
				GCC_WARN_UNUSED_FUNCTION = YES;
				GCC_WARN_UNUSED_VARIABLE = YES;
				IPHONEOS_DEPLOYMENT_TARGET = 16.2;
				MTL_ENABLE_DEBUG_INFO = INCLUDE_SOURCE;
				MTL_FAST_MATH = YES;
				ONLY_ACTIVE_ARCH = YES;
				SDKROOT = iphoneos;
				SWIFT_ACTIVE_COMPILATION_CONDITIONS = DEBUG;
				SWIFT_OPTIMIZATION_LEVEL = "-Onone";
			};
			name = Debug;
		};
		5F1139E129E7DC7D00CD75F3 /* Release */ = {
			isa = XCBuildConfiguration;
			buildSettings = {
				ALWAYS_SEARCH_USER_PATHS = NO;
				CLANG_ANALYZER_NONNULL = YES;
				CLANG_ANALYZER_NUMBER_OBJECT_CONVERSION = YES_AGGRESSIVE;
				CLANG_CXX_LANGUAGE_STANDARD = "gnu++20";
				CLANG_ENABLE_MODULES = YES;
				CLANG_ENABLE_OBJC_ARC = YES;
				CLANG_ENABLE_OBJC_WEAK = YES;
				CLANG_WARN_BLOCK_CAPTURE_AUTORELEASING = YES;
				CLANG_WARN_BOOL_CONVERSION = YES;
				CLANG_WARN_COMMA = YES;
				CLANG_WARN_CONSTANT_CONVERSION = YES;
				CLANG_WARN_DEPRECATED_OBJC_IMPLEMENTATIONS = YES;
				CLANG_WARN_DIRECT_OBJC_ISA_USAGE = YES_ERROR;
				CLANG_WARN_DOCUMENTATION_COMMENTS = YES;
				CLANG_WARN_EMPTY_BODY = YES;
				CLANG_WARN_ENUM_CONVERSION = YES;
				CLANG_WARN_INFINITE_RECURSION = YES;
				CLANG_WARN_INT_CONVERSION = YES;
				CLANG_WARN_NON_LITERAL_NULL_CONVERSION = YES;
				CLANG_WARN_OBJC_IMPLICIT_RETAIN_SELF = YES;
				CLANG_WARN_OBJC_LITERAL_CONVERSION = YES;
				CLANG_WARN_OBJC_ROOT_CLASS = YES_ERROR;
				CLANG_WARN_QUOTED_INCLUDE_IN_FRAMEWORK_HEADER = YES;
				CLANG_WARN_RANGE_LOOP_ANALYSIS = YES;
				CLANG_WARN_STRICT_PROTOTYPES = YES;
				CLANG_WARN_SUSPICIOUS_MOVE = YES;
				CLANG_WARN_UNGUARDED_AVAILABILITY = YES_AGGRESSIVE;
				CLANG_WARN_UNREACHABLE_CODE = YES;
				CLANG_WARN__DUPLICATE_METHOD_MATCH = YES;
				COPY_PHASE_STRIP = NO;
				DEBUG_INFORMATION_FORMAT = "dwarf-with-dsym";
				ENABLE_NS_ASSERTIONS = NO;
				ENABLE_STRICT_OBJC_MSGSEND = YES;
				GCC_C_LANGUAGE_STANDARD = gnu11;
				GCC_NO_COMMON_BLOCKS = YES;
				GCC_WARN_64_TO_32_BIT_CONVERSION = YES;
				GCC_WARN_ABOUT_RETURN_TYPE = YES_ERROR;
				GCC_WARN_UNDECLARED_SELECTOR = YES;
				GCC_WARN_UNINITIALIZED_AUTOS = YES_AGGRESSIVE;
				GCC_WARN_UNUSED_FUNCTION = YES;
				GCC_WARN_UNUSED_VARIABLE = YES;
				IPHONEOS_DEPLOYMENT_TARGET = 16.2;
				MTL_ENABLE_DEBUG_INFO = NO;
				MTL_FAST_MATH = YES;
				SDKROOT = iphoneos;
				SWIFT_COMPILATION_MODE = wholemodule;
				SWIFT_OPTIMIZATION_LEVEL = "-O";
				VALIDATE_PRODUCT = YES;
			};
			name = Release;
		};
		5F1139E329E7DC7D00CD75F3 /* Debug */ = {
			isa = XCBuildConfiguration;
			buildSettings = {
				ASSETCATALOG_COMPILER_APPICON_NAME = AppIcon;
				ASSETCATALOG_COMPILER_GLOBAL_ACCENT_COLOR_NAME = AccentColor;
				CODE_SIGN_STYLE = Automatic;
				CURRENT_PROJECT_VERSION = 1;
				DEVELOPMENT_TEAM = SGZUXTN292;
				GENERATE_INFOPLIST_FILE = YES;
				INFOPLIST_FILE = DetectingObjectsDemo/Info.plist;
				INFOPLIST_KEY_UIApplicationSupportsIndirectInputEvents = YES;
				INFOPLIST_KEY_UILaunchStoryboardName = LaunchScreen;
				INFOPLIST_KEY_UIMainStoryboardFile = Main;
				INFOPLIST_KEY_UISupportedInterfaceOrientations_iPad = "UIInterfaceOrientationPortrait UIInterfaceOrientationPortraitUpsideDown UIInterfaceOrientationLandscapeLeft UIInterfaceOrientationLandscapeRight";
				INFOPLIST_KEY_UISupportedInterfaceOrientations_iPhone = "UIInterfaceOrientationPortrait UIInterfaceOrientationLandscapeLeft UIInterfaceOrientationLandscapeRight";
				IPHONEOS_DEPLOYMENT_TARGET = 15.4;
				LD_RUNPATH_SEARCH_PATHS = (
					"$(inherited)",
					"@executable_path/Frameworks",
				);
				MARKETING_VERSION = 1.0;
				PRODUCT_BUNDLE_IDENTIFIER = huishao.DetectingObjectsDemo;
				PRODUCT_NAME = "$(TARGET_NAME)";
				SWIFT_EMIT_LOC_STRINGS = YES;
				SWIFT_VERSION = 5.0;
				TARGETED_DEVICE_FAMILY = "1,2";
			};
			name = Debug;
		};
		5F1139E429E7DC7D00CD75F3 /* Release */ = {
			isa = XCBuildConfiguration;
			buildSettings = {
				ASSETCATALOG_COMPILER_APPICON_NAME = AppIcon;
				ASSETCATALOG_COMPILER_GLOBAL_ACCENT_COLOR_NAME = AccentColor;
				CODE_SIGN_STYLE = Automatic;
				CURRENT_PROJECT_VERSION = 1;
				DEVELOPMENT_TEAM = SGZUXTN292;
				GENERATE_INFOPLIST_FILE = YES;
				INFOPLIST_FILE = DetectingObjectsDemo/Info.plist;
				INFOPLIST_KEY_UIApplicationSupportsIndirectInputEvents = YES;
				INFOPLIST_KEY_UILaunchStoryboardName = LaunchScreen;
				INFOPLIST_KEY_UIMainStoryboardFile = Main;
				INFOPLIST_KEY_UISupportedInterfaceOrientations_iPad = "UIInterfaceOrientationPortrait UIInterfaceOrientationPortraitUpsideDown UIInterfaceOrientationLandscapeLeft UIInterfaceOrientationLandscapeRight";
				INFOPLIST_KEY_UISupportedInterfaceOrientations_iPhone = "UIInterfaceOrientationPortrait UIInterfaceOrientationLandscapeLeft UIInterfaceOrientationLandscapeRight";
				IPHONEOS_DEPLOYMENT_TARGET = 15.4;
				LD_RUNPATH_SEARCH_PATHS = (
					"$(inherited)",
					"@executable_path/Frameworks",
				);
				MARKETING_VERSION = 1.0;
				PRODUCT_BUNDLE_IDENTIFIER = huishao.DetectingObjectsDemo;
				PRODUCT_NAME = "$(TARGET_NAME)";
				SWIFT_EMIT_LOC_STRINGS = YES;
				SWIFT_VERSION = 5.0;
				TARGETED_DEVICE_FAMILY = "1,2";
			};
			name = Release;
		};
/* End XCBuildConfiguration section */

/* Begin XCConfigurationList section */
		5F1139C929E7DC7C00CD75F3 /* Build configuration list for PBXProject "DetectingObjectsDemo" */ = {
			isa = XCConfigurationList;
			buildConfigurations = (
				5F1139E029E7DC7D00CD75F3 /* Debug */,
				5F1139E129E7DC7D00CD75F3 /* Release */,
			);
			defaultConfigurationIsVisible = 0;
			defaultConfigurationName = Release;
		};
		5F1139E229E7DC7D00CD75F3 /* Build configuration list for PBXNativeTarget "DetectingObjectsDemo" */ = {
			isa = XCConfigurationList;
			buildConfigurations = (
				5F1139E329E7DC7D00CD75F3 /* Debug */,
				5F1139E429E7DC7D00CD75F3 /* Release */,
			);
			defaultConfigurationIsVisible = 0;
			defaultConfigurationName = Release;
		};
/* End XCConfigurationList section */
	};
	rootObject = 5F1139C629E7DC7C00CD75F3 /* Project object */;
}
